
Microsoft Visual Studio Solution File, Format Version 12.00
# Visual Studio 15
VisualStudioVersion = 15.0.26403.7
MinimumVisualStudioVersion = 10.0.40219.1
Project("{FAE04EC0-301F-11D3-BF4B-00C04F79EFBC}") = "psDataImporter.Console", "psDataImporter.Console\psDataImporter.Console.csproj", "{8BA2FC00-7008-447C-A988-2A31055C74C3}"
EndProject
Project("{FAE04EC0-301F-11D3-BF4B-00C04F79EFBC}") = "psDataImporter.Contracts", "psDataImporter.Contracts\psDataImporter.Contracts.csproj", "{D9A58F31-4B33-41EF-A251-428FD101A693}"
EndProject
Project("{FAE04EC0-301F-11D3-BF4B-00C04F79EFBC}") = "psDataImporter.Data", "psDataImporter.Data\psDataImporter.Data.csproj", "{A8B9E290-7183-4A0D-A0BE-8C84FD8154BE}"
EndProject
Project("{FAE04EC0-301F-11D3-BF4B-00C04F79EFBC}") = "pgDataImporter.Core", "pgDataImporter.Core\pgDataImporter.Core.csproj", "{07BCDEE6-58F4-44EF-878F-ADE153889068}"
EndProject
Global
	GlobalSection(SolutionConfigurationPlatforms) = preSolution
		Debug|Any CPU = Debug|Any CPU
		Release|Any CPU = Release|Any CPU
	EndGlobalSection
	GlobalSection(ProjectConfigurationPlatforms) = postSolution
		{8BA2FC00-7008-447C-A988-2A31055C74C3}.Debug|Any CPU.ActiveCfg = Debug|Any CPU
		{8BA2FC00-7008-447C-A988-2A31055C74C3}.Debug|Any CPU.Build.0 = Debug|Any CPU
		{8BA2FC00-7008-447C-A988-2A31055C74C3}.Release|Any CPU.ActiveCfg = Release|Any CPU
		{8BA2FC00-7008-447C-A988-2A31055C74C3}.Release|Any CPU.Build.0 = Release|Any CPU
		{D9A58F31-4B33-41EF-A251-428FD101A693}.Debug|Any CPU.ActiveCfg = Debug|Any CPU
		{D9A58F31-4B33-41EF-A251-428FD101A693}.Debug|Any CPU.Build.0 = Debug|Any CPU
		{D9A58F31-4B33-41EF-A251-428FD101A693}.Release|Any CPU.ActiveCfg = Release|Any CPU
		{D9A58F31-4B33-41EF-A251-428FD101A693}.Release|Any CPU.Build.0 = Release|Any CPU
		{A8B9E290-7183-4A0D-A0BE-8C84FD8154BE}.Debug|Any CPU.ActiveCfg = Debug|Any CPU
		{A8B9E290-7183-4A0D-A0BE-8C84FD8154BE}.Debug|Any CPU.Build.0 = Debug|Any CPU
		{A8B9E290-7183-4A0D-A0BE-8C84FD8154BE}.Release|Any CPU.ActiveCfg = Release|Any CPU
		{A8B9E290-7183-4A0D-A0BE-8C84FD8154BE}.Release|Any CPU.Build.0 = Release|Any CPU
		{07BCDEE6-58F4-44EF-878F-ADE153889068}.Debug|Any CPU.ActiveCfg = Debug|Any CPU
		{07BCDEE6-58F4-44EF-878F-ADE153889068}.Debug|Any CPU.Build.0 = Debug|Any CPU
		{07BCDEE6-58F4-44EF-878F-ADE153889068}.Release|Any CPU.ActiveCfg = Release|Any CPU
		{07BCDEE6-58F4-44EF-878F-ADE153889068}.Release|Any CPU.Build.0 = Release|Any CPU
	EndGlobalSection
	GlobalSection(SolutionProperties) = preSolution
		HideSolutionNode = FALSE
	EndGlobalSection
EndGlobal
